
Microsoft Visual Studio Solution File, Format Version 12.00
# Visual Studio Version 16
VisualStudioVersion = 16.0.30523.141
MinimumVisualStudioVersion = 10.0.40219.1
Project("{FAE04EC0-301F-11D3-BF4B-00C04F79EFBC}") = "Backend-FreshBuy", "Backend-FreshBuy.csproj", "{055B3CC6-4D49-4691-853D-55EB5AE437EA}"
EndProject
Global
	GlobalSection(SolutionConfigurationPlatforms) = preSolution
		Debug|Any CPU = Debug|Any CPU
		Release|Any CPU = Release|Any CPU
	EndGlobalSection
	GlobalSection(ProjectConfigurationPlatforms) = postSolution
		{055B3CC6-4D49-4691-853D-55EB5AE437EA}.Debug|Any CPU.ActiveCfg = Debug|Any CPU
		{055B3CC6-4D49-4691-853D-55EB5AE437EA}.Debug|Any CPU.Build.0 = Debug|Any CPU
		{055B3CC6-4D49-4691-853D-55EB5AE437EA}.Release|Any CPU.ActiveCfg = Release|Any CPU
		{055B3CC6-4D49-4691-853D-55EB5AE437EA}.Release|Any CPU.Build.0 = Release|Any CPU
	EndGlobalSection
	GlobalSection(SolutionProperties) = preSolution
		HideSolutionNode = FALSE
	EndGlobalSection
	GlobalSection(ExtensibilityGlobals) = postSolution
		SolutionGuid = {DA28B788-85B6-44C9-9592-868841A0C84A}
	EndGlobalSection
EndGlobal
