
Microsoft Visual Studio Solution File, Format Version 12.00
# Visual Studio Version 16
VisualStudioVersion = 16.0.30523.141
MinimumVisualStudioVersion = 10.0.40219.1
Project("{FAE04EC0-301F-11D3-BF4B-00C04F79EFBC}") = "FreshBuy", "FreshBuy.csproj", "{15FD95E5-A3F3-455F-B176-2E815209F3AE}"
EndProject
Global
	GlobalSection(SolutionConfigurationPlatforms) = preSolution
		Debug|Any CPU = Debug|Any CPU
		Release|Any CPU = Release|Any CPU
	EndGlobalSection
	GlobalSection(ProjectConfigurationPlatforms) = postSolution
		{15FD95E5-A3F3-455F-B176-2E815209F3AE}.Debug|Any CPU.ActiveCfg = Debug|Any CPU
		{15FD95E5-A3F3-455F-B176-2E815209F3AE}.Debug|Any CPU.Build.0 = Debug|Any CPU
		{15FD95E5-A3F3-455F-B176-2E815209F3AE}.Release|Any CPU.ActiveCfg = Release|Any CPU
		{15FD95E5-A3F3-455F-B176-2E815209F3AE}.Release|Any CPU.Build.0 = Release|Any CPU
	EndGlobalSection
	GlobalSection(SolutionProperties) = preSolution
		HideSolutionNode = FALSE
	EndGlobalSection
	GlobalSection(ExtensibilityGlobals) = postSolution
		SolutionGuid = {2B88B1B9-0A87-4C52-A8C7-722F3D24E677}
	EndGlobalSection
EndGlobal
